
Microsoft Visual Studio Solution File, Format Version 12.00
Project("{FAE04EC0-301F-11D3-BF4B-00C04F79EFBC}") = "PostService", "PostService\PostService.csproj", "{E6B28825-2B63-40EB-BC4C-61804E71F052}"
EndProject
Project("{FAE04EC0-301F-11D3-BF4B-00C04F79EFBC}") = "CommentService", "CommentService\CommentService.csproj", "{D20E1F48-EDB9-4570-BC46-9B3F5B26B143}"
EndProject
Project("{FAE04EC0-301F-11D3-BF4B-00C04F79EFBC}") = "PostService.DbMigrations", "PostService.DbMigrations\PostService.DbMigrations.csproj", "{C6196B10-57E7-4667-8F6C-B9B1EA30016F}"
EndProject
Project("{FAE04EC0-301F-11D3-BF4B-00C04F79EFBC}") = "CommentService.DbMigrations", "CommentService.DbMigrations\CommentService.DbMigrations.csproj", "{A9DE6D1F-51DE-4F1C-B231-A9A345B49DE6}"
EndProject
Project("{FAE04EC0-301F-11D3-BF4B-00C04F79EFBC}") = "Outbox", "Outbox\Outbox.csproj", "{3CDAD4E9-B582-43C2-9023-F5792F832577}"
EndProject
Global
	GlobalSection(SolutionConfigurationPlatforms) = preSolution
		Debug|Any CPU = Debug|Any CPU
		Release|Any CPU = Release|Any CPU
	EndGlobalSection
	GlobalSection(ProjectConfigurationPlatforms) = postSolution
		{E6B28825-2B63-40EB-BC4C-61804E71F052}.Debug|Any CPU.ActiveCfg = Debug|Any CPU
		{E6B28825-2B63-40EB-BC4C-61804E71F052}.Debug|Any CPU.Build.0 = Debug|Any CPU
		{E6B28825-2B63-40EB-BC4C-61804E71F052}.Release|Any CPU.ActiveCfg = Release|Any CPU
		{E6B28825-2B63-40EB-BC4C-61804E71F052}.Release|Any CPU.Build.0 = Release|Any CPU
		{D20E1F48-EDB9-4570-BC46-9B3F5B26B143}.Debug|Any CPU.ActiveCfg = Debug|Any CPU
		{D20E1F48-EDB9-4570-BC46-9B3F5B26B143}.Debug|Any CPU.Build.0 = Debug|Any CPU
		{D20E1F48-EDB9-4570-BC46-9B3F5B26B143}.Release|Any CPU.ActiveCfg = Release|Any CPU
		{D20E1F48-EDB9-4570-BC46-9B3F5B26B143}.Release|Any CPU.Build.0 = Release|Any CPU
		{C6196B10-57E7-4667-8F6C-B9B1EA30016F}.Debug|Any CPU.ActiveCfg = Debug|Any CPU
		{C6196B10-57E7-4667-8F6C-B9B1EA30016F}.Debug|Any CPU.Build.0 = Debug|Any CPU
		{C6196B10-57E7-4667-8F6C-B9B1EA30016F}.Release|Any CPU.ActiveCfg = Release|Any CPU
		{C6196B10-57E7-4667-8F6C-B9B1EA30016F}.Release|Any CPU.Build.0 = Release|Any CPU
		{A9DE6D1F-51DE-4F1C-B231-A9A345B49DE6}.Debug|Any CPU.ActiveCfg = Debug|Any CPU
		{A9DE6D1F-51DE-4F1C-B231-A9A345B49DE6}.Debug|Any CPU.Build.0 = Debug|Any CPU
		{A9DE6D1F-51DE-4F1C-B231-A9A345B49DE6}.Release|Any CPU.ActiveCfg = Release|Any CPU
		{A9DE6D1F-51DE-4F1C-B231-A9A345B49DE6}.Release|Any CPU.Build.0 = Release|Any CPU
		{3CDAD4E9-B582-43C2-9023-F5792F832577}.Debug|Any CPU.ActiveCfg = Debug|Any CPU
		{3CDAD4E9-B582-43C2-9023-F5792F832577}.Debug|Any CPU.Build.0 = Debug|Any CPU
		{3CDAD4E9-B582-43C2-9023-F5792F832577}.Release|Any CPU.ActiveCfg = Release|Any CPU
		{3CDAD4E9-B582-43C2-9023-F5792F832577}.Release|Any CPU.Build.0 = Release|Any CPU
	EndGlobalSection
EndGlobal
